@@ -897,6 +897,25 @@
    xcode "^2.0.0"
    xmldoc "^0.4.0"

"@react-navigation/core@~3.5.0":
  version "3.5.0"
  resolved "https://registry.yarnpkg.com/@react-navigation/core/-/core-3.5.0.tgz#73d1a12448e2bd71855e0080b95a7f51ede0cd9e"
  integrity sha512-NLm24lA51R8o8c+iFnwtN9elqRzm4OJ8f1qPBCUNIYW1sb8M5yCD53vRP0fRcPFpr/6Xzs2TJMsWnnebwFp0Rw==
  dependencies:
    hoist-non-react-statics "^3.3.0"
    path-to-regexp "^1.7.0"
    query-string "^6.4.2"
    react-is "^16.8.6"

"@react-navigation/native@~3.6.0":
  version "3.6.0"
  resolved "https://registry.yarnpkg.com/@react-navigation/native/-/native-3.6.0.tgz#dabf93382f75037c01dfdd2a03807e40b48a4d61"
  integrity sha512-MmsEF4Gf3DD7rtZlbOLULQOBCxE2nGz6FdPYxtlEI+N/E2I5OrdxrTNAA7EGWsIiaJEapU4bp0a+tLjh/9PQpA==
  dependencies:
    hoist-non-react-statics "^3.0.1"
    react-native-safe-area-view "^0.14.1"
    react-native-screens "^1.0.0 || ^1.0.0-alpha"

"@types/fbemitter@^2.0.32":
  version "2.0.32"
  resolved "https://registry.yarnpkg.com/@types/fbemitter/-/fbemitter-2.0.32.tgz#8ed204da0f54e9c8eaec31b1eec91e25132d082c"
@@ -1011,7 +1030,7 @@ ansi-regex@^3.0.0:
  resolved "https://registry.yarnpkg.com/ansi-regex/-/ansi-regex-3.0.0.tgz#ed0317c322064f79466c02966bddb605ab37d998"
  integrity sha1-7QMXwyIGT3lGbAKWa922Bas32Zg=

ansi-regex@^4.0.0:
ansi-regex@^4.0.0, ansi-regex@^4.1.0:
  version "4.1.0"
  resolved "https://registry.yarnpkg.com/ansi-regex/-/ansi-regex-4.1.0.tgz#8b9f8f08cf1acb843756a839ca8c7e3168c51997"
  integrity sha512-1apePfXM1UOSqw0o9IiFAovVz9M5S1Dg+4TrDwfMewQ6p/rmMueb7tWZjQ1rx4Loy1ArBggoqGpfqqdI4rondg==
@@ -1422,6 +1441,11 @@ camelcase@^4.1.0:
  resolved "https://registry.yarnpkg.com/camelcase/-/camelcase-4.1.0.tgz#d545635be1e33c542649c69173e5de6acfae34dd"
  integrity sha1-1UVjW+HjPFQmScaRc+Xeas+uNN0=

camelcase@^5.0.0:
  version "5.3.1"
  resolved "https://registry.yarnpkg.com/camelcase/-/camelcase-5.3.1.tgz#e3c9b31569e106811df242f715725a1f4c494320"
  integrity sha512-L28STB170nwWS63UjtlEOE3dldQApaJXZkOI1uMFfzf3rRuPegHaHesyee+YxQ+W6SvRDQV6UrdOdRiR153wJg==

caniuse-lite@^1.0.30000984:
  version "1.0.30000989"
  resolved "https://registry.yarnpkg.com/caniuse-lite/-/caniuse-lite-1.0.30000989.tgz#b9193e293ccf7e4426c5245134b8f2a56c0ac4b9"
@@ -1495,6 +1519,15 @@ cliui@^3.2.0:
    strip-ansi "^3.0.1"
    wrap-ansi "^2.0.0"

cliui@^5.0.0:
  version "5.0.0"
  resolved "https://registry.yarnpkg.com/cliui/-/cliui-5.0.0.tgz#deefcfdb2e800784aa34f46fa08e06851c7bbbc5"
  integrity sha512-PYeGSEmmHM6zvoef2w8TPzlrnNpXIjTipYK780YswmIP9vjxmd6Y2a3CB2Ks6/AU8NHjZugXvo8w3oWM2qnwXA==
  dependencies:
    string-width "^3.1.0"
    strip-ansi "^5.2.0"
    wrap-ansi "^5.1.0"

code-point-at@^1.0.0:
  version "1.1.0"
  resolved "https://registry.yarnpkg.com/code-point-at/-/code-point-at-1.1.0.tgz#0d070b4d043a5bea33a2f1a40e2edb3d9a4ccf77"
@@ -1713,7 +1746,7 @@ debug@^4.1.0:
  dependencies:
    ms "^2.1.1"

decamelize@^1.1.1:
decamelize@^1.1.1, decamelize@^1.2.0:
  version "1.2.0"
  resolved "https://registry.yarnpkg.com/decamelize/-/decamelize-1.2.0.tgz#f6534d15148269b20352e7bee26f501f9a191290"
  integrity sha1-9lNNFRSCabIDUue+4m9QH5oZEpA=
@@ -1804,6 +1837,11 @@ electron-to-chromium@^1.3.191:
  resolved "https://registry.yarnpkg.com/electron-to-chromium/-/electron-to-chromium-1.3.238.tgz#6d6496e393a709b7b186823281d49b1a5d96a6cf"
  integrity sha512-k+s6EIiSTgfOm7WiMlGBMMMtBQXSui8OfLN1sXU3RohJOuLGVq0lVm7hXyDIDBcbPM0MeZabAdIPQOSEZT3ZLg==

emoji-regex@^7.0.1:
  version "7.0.3"
  resolved "https://registry.yarnpkg.com/emoji-regex/-/emoji-regex-7.0.3.tgz#933a04052860c85e83c122479c4748a8e4c72156"
  integrity sha512-CwBLREIQ7LvYFB0WyRvwhq5N5qPhc6PMjD6bYggFlI5YyDgl+0vxq5VHbMOFqLg7hfWzmu8T5Z1QofhmTIhItA==

encodeurl@~1.0.2:
  version "1.0.2"
  resolved "https://registry.yarnpkg.com/encodeurl/-/encodeurl-1.0.2.tgz#ad3ff4c86ec2d029322f5a02c3a9a606c95b3f59"
@@ -2362,6 +2400,11 @@ get-caller-file@^1.0.1:
  resolved "https://registry.yarnpkg.com/get-caller-file/-/get-caller-file-1.0.3.tgz#f978fa4c90d1dfe7ff2d6beda2a515e713bdcf4a"
  integrity sha512-3t6rVToeoZfYSGd8YoLFR2DJkiQrIiUrGcjvFX2mDw3bn6k2OtwHN0TNCLbBO+w8qTvimhDkv+LSscbJY1vE6w==

get-caller-file@^2.0.1:
  version "2.0.5"
  resolved "https://registry.yarnpkg.com/get-caller-file/-/get-caller-file-2.0.5.tgz#4f94412a82db32f36e3b0b9741f8a97feb031f7e"
  integrity sha512-DyFP3BM/3YHTQOCUL/w0OZHR0lpKeGrxotcHWcqNEdnltqFwXVfhEBQ94eIo34AfQpo0rGki4cyIiftY06h2Fg==

get-stream@^3.0.0:
  version "3.0.0"
  resolved "https://registry.yarnpkg.com/get-stream/-/get-stream-3.0.0.tgz#8e943d1358dc37555054ecbe2edb05aa174ede14"
@@ -2482,6 +2525,18 @@ has-values@^1.0.0:
    is-number "^3.0.0"
    kind-of "^4.0.0"

hoist-non-react-statics@^2.3.1, hoist-non-react-statics@^2.5.0:
  version "2.5.5"
  resolved "https://registry.yarnpkg.com/hoist-non-react-statics/-/hoist-non-react-statics-2.5.5.tgz#c5903cf409c0dfd908f388e619d86b9c1174cb47"
  integrity sha512-rqcy4pJo55FTTLWt+bU8ukscqHeE/e9KWvsOW2b/a3afxQZhwkQdT1rPPCJ0rYXdj4vNcasY8zHTH+jF/qStxw==

hoist-non-react-statics@^3.0.1, hoist-non-react-statics@^3.3.0:
  version "3.3.0"
  resolved "https://registry.yarnpkg.com/hoist-non-react-statics/-/hoist-non-react-statics-3.3.0.tgz#b09178f0122184fb95acf525daaecb4d8f45958b"
  integrity sha512-0XsbTXxgiaCDYDIWFcwkmerZPSwywfUqYmwT4jzewKTQSWoE6FCMoUVOeBJWK3E/CrWbxRG3m5GzY4lnIwGRBA==
  dependencies:
    react-is "^16.7.0"

hosted-git-info@^2.1.4:
  version "2.8.4"
  resolved "https://registry.yarnpkg.com/hosted-git-info/-/hosted-git-info-2.8.4.tgz#44119abaf4bc64692a16ace34700fed9c03e2546"
@@ -2767,6 +2822,11 @@ is-wsl@^1.1.0:
  resolved "https://registry.yarnpkg.com/is-wsl/-/is-wsl-1.1.0.tgz#1f16e4aa22b04d1336b66188a66af3c600c3a66d"
  integrity sha1-HxbkqiKwTRM2tmGIpmrzxgDDpm0=

isarray@0.0.1:
  version "0.0.1"
  resolved "https://registry.yarnpkg.com/isarray/-/isarray-0.0.1.tgz#8a18acfca9a8f4177e09abfc6038939b05d1eedf"
  integrity sha1-ihis/Kmo9Bd+Cav8YDiTmwXR7t8=

isarray@1.0.0, isarray@~1.0.0:
  version "1.0.0"
  resolved "https://registry.yarnpkg.com/isarray/-/isarray-1.0.0.tgz#bb935d48582cba168c06834957a54a3e07124f11"
@@ -2995,7 +3055,7 @@ lodash.throttle@^4.1.1:
  resolved "https://registry.yarnpkg.com/lodash.throttle/-/lodash.throttle-4.1.1.tgz#c23e91b710242ac70c37f1e1cda9274cc39bf2f4"
  integrity sha1-wj6RtxAkKscMN/HhzaknTMOb8vQ=

lodash@^4.17.11, lodash@^4.17.13, lodash@^4.17.14, lodash@^4.17.4, lodash@^4.17.5, lodash@^4.3.0, lodash@^4.5.0, lodash@^4.6.0, lodash@^4.6.1:
lodash@^4.0.0, lodash@^4.17.11, lodash@^4.17.13, lodash@^4.17.14, lodash@^4.17.4, lodash@^4.17.5, lodash@^4.3.0, lodash@^4.5.0, lodash@^4.6.0, lodash@^4.6.1:
  version "4.17.15"
  resolved "https://registry.yarnpkg.com/lodash/-/lodash-4.17.15.tgz#b447f6670a0455bbfeedd11392eff330ea097548"
  integrity sha512-8xOcRHvCjnocdS5cpwXQXVzmmh5e5+saE2QGoeQmbKmRS6J3VQppPOIt0MnmE+4xlZoumy0GPG0D0MVIQbNA1A==
@@ -3916,6 +3976,13 @@ path-parse@^1.0.6:
  resolved "https://registry.yarnpkg.com/path-parse/-/path-parse-1.0.6.tgz#d62dbb5679405d72c4737ec58600e9ddcf06d24c"
  integrity sha512-GSmOT2EbHrINBf9SR7CDELwlJ8AENk3Qn7OikK4nFYAu3Ote2+JYNVvkpAEQm3/TLNEJFD/xZJjzyxg3KBWOzw==

path-to-regexp@^1.7.0:
  version "1.7.0"
  resolved "https://registry.yarnpkg.com/path-to-regexp/-/path-to-regexp-1.7.0.tgz#59fde0f435badacba103a84e9d3bc64e96b9937d"
  integrity sha1-Wf3g9DW62suhA6hOnTvGTpa5k30=
  dependencies:
    isarray "0.0.1"

path-type@^2.0.0:
  version "2.0.0"
  resolved "https://registry.yarnpkg.com/path-type/-/path-type-2.0.0.tgz#f012ccb8415b7096fc2daa1054c3d72389594c73"
@@ -4027,7 +4094,7 @@ promise@^7.1.1:
  dependencies:
    asap "~2.0.3"

prop-types@^15.5.8, prop-types@^15.6.0, prop-types@^15.6.1, prop-types@^15.6.2:
prop-types@^15.5.10, prop-types@^15.5.8, prop-types@^15.6.0, prop-types@^15.6.1, prop-types@^15.6.2, prop-types@^15.7.2:
  version "15.7.2"
  resolved "https://registry.yarnpkg.com/prop-types/-/prop-types-15.7.2.tgz#52c41e75b8c87e72b9d9360e0206b99dcbffa6c5"
  integrity sha512-8QQikdH7//R2vurIJSutZ1smHYTcLpRWEOlHnzcWHmBYrOGUysKwSsrC89BCiFj3CbrfJ/nXFdJepOVrY1GCHQ==
@@ -4054,6 +4121,15 @@ qs@^6.5.0:
  resolved "https://registry.yarnpkg.com/qs/-/qs-6.8.0.tgz#87b763f0d37ca54200334cd57bb2ef8f68a1d081"
  integrity sha512-tPSkj8y92PfZVbinY1n84i1Qdx75lZjMQYx9WZhnkofyxzw2r7Ho39G3/aEvSUdebxpnnM4LZJCtvE/Aq3+s9w==

query-string@^6.4.2:
  version "6.8.2"
  resolved "https://registry.yarnpkg.com/query-string/-/query-string-6.8.2.tgz#36cb7e452ae11a4b5e9efee83375e0954407b2f6"
  integrity sha512-J3Qi8XZJXh93t2FiKyd/7Ec6GNifsjKXUsVFkSBj/kjLsDylWhnCz4NT1bkPcKotttPW+QbKGqqPH8OoI2pdqw==
  dependencies:
    decode-uri-component "^0.2.0"
    split-on-first "^1.0.0"
    strict-uri-encode "^2.0.0"

querystringify@^2.1.1:
  version "2.1.1"
  resolved "https://registry.yarnpkg.com/querystringify/-/querystringify-2.1.1.tgz#60e5a5fd64a7f8bfa4d2ab2ed6fdf4c85bad154e"
@@ -4111,7 +4187,7 @@ react-dom@^16.8.6:
    prop-types "^15.6.2"
    scheduler "^0.15.0"

react-is@^16.8.1:
react-is@^16.7.0, react-is@^16.8.1, react-is@^16.8.6:
  version "16.9.0"
  resolved "https://registry.yarnpkg.com/react-is/-/react-is-16.9.0.tgz#21ca9561399aad0ff1a7701c01683e8ca981edcb"
  integrity sha512-tJBzzzIgnnRfEm046qRcURvwQnZVXmuCbscxUO5RWrGTXpon2d4c8mI0D8WE6ydVIm29JiLB6+RslkIvym9Rjw==
@@ -4121,6 +4197,50 @@ react-native-branch@~3.0.1:
  resolved "https://registry.yarnpkg.com/react-native-branch/-/react-native-branch-3.0.1.tgz#5b07b61cbd290168cd3c3662e017ebe0f356d2ca"
  integrity sha512-vbcYxPZlpF5f39GAEUF8kuGQqCNeD3E6zEdvtOq8oCGZunHXlWlKgAS6dgBKCvsHvXgHuMtpvs39VgOp8DaKig==

react-native-gesture-handler@~1.3.0:
  version "1.3.0"
  resolved "https://registry.yarnpkg.com/react-native-gesture-handler/-/react-native-gesture-handler-1.3.0.tgz#d0386f565928ccc1849537f03f2e37fd5f6ad43f"
  integrity sha512-ASRFIXBuKRvqlmwkWJhV8yP2dTpvcqVrLNpd7FKVBFHYWr6SAxjGyO9Ik8w1lAxDhMlRP2IcJ9p9eq5X2WWeLQ==
  dependencies:
    hoist-non-react-statics "^2.3.1"
    invariant "^2.2.2"
    prop-types "^15.5.10"

react-native-reanimated@~1.1.0:
  version "1.1.0"
  resolved "https://registry.yarnpkg.com/react-native-reanimated/-/react-native-reanimated-1.1.0.tgz#ba6864055ec3a206cdd5209a293fe653ce276206"
  integrity sha512-UGDVNfvuIkMqYUx6aytSzihuzv6sWubn0MQi8dRcw7BjgezhjJnVnJ/NSOcpL3cO+Ld7lFcRX6GKcskwkHdPkw==

react-native-safe-area-view@^0.14.1:
  version "0.14.7"
  resolved "https://registry.yarnpkg.com/react-native-safe-area-view/-/react-native-safe-area-view-0.14.7.tgz#e1dd1c4d25a90677df2c15347fdddb2306ba5971"
  integrity sha512-fmuBYpvKDJK33bimo4JXrK2BN2CGw7nof1y1LDRgzqv+FZ3eADSDGshprN8WeQqSZjQ20hJx1CiWk28Edg/v4Q==
  dependencies:
    hoist-non-react-statics "^2.3.1"

"react-native-screens@^1.0.0 || ^1.0.0-alpha":
  version "1.0.0-alpha.23"
  resolved "https://registry.yarnpkg.com/react-native-screens/-/react-native-screens-1.0.0-alpha.23.tgz#25d7ea4d11bda4fcde2d1da7ae50271c6aa636e0"
  integrity sha512-tOxHGQUN83MTmQB4ghoQkibqOdGiX4JQEmeyEv96MKWO/x8T2PJv84ECUos9hD3blPRQwVwSpAid1PPPhrVEaw==
  dependencies:
    debounce "^1.2.0"

react-native-tab-view@^1.2.0, react-native-tab-view@^1.4.1:
  version "1.4.1"
  resolved "https://registry.yarnpkg.com/react-native-tab-view/-/react-native-tab-view-1.4.1.tgz#f113cd87485808f0c991abec937f70fa380478b9"
  integrity sha512-Bke8KkDcDhvB/z0AS7MnQKMD2p6Kwfc1rSKlMOvg9CC5CnClQ2QEnhPSbwegKDYhUkBI92iH/BYy7hNSm5kbUQ==
  dependencies:
    prop-types "^15.6.1"

react-native-vector-icons@^6.6.0:
  version "6.6.0"
  resolved "https://registry.yarnpkg.com/react-native-vector-icons/-/react-native-vector-icons-6.6.0.tgz#66cf004918eb05d90778d64bd42077c1800d481b"
  integrity sha512-MImKVx8JEvVVBnaShMr7/yTX4Y062JZMupht1T+IEgbqBj4aQeQ1z2SH4VHWKNtWtppk4kz9gYyUiMWqx6tNSw==
  dependencies:
    lodash "^4.0.0"
    prop-types "^15.6.2"
    yargs "^13.2.2"

react-native-view-shot@2.6.0:
  version "2.6.0"
  resolved "https://registry.yarnpkg.com/react-native-view-shot/-/react-native-view-shot-2.6.0.tgz#3b23675826f67658366352c4b97b59a6aded2f43"
@@ -4197,6 +4317,40 @@ react-native-web@^0.11.4:
    xmldoc "^0.4.0"
    yargs "^9.0.0"

react-navigation-drawer@~1.4.0:
  version "1.4.0"
  resolved "https://registry.yarnpkg.com/react-navigation-drawer/-/react-navigation-drawer-1.4.0.tgz#70f3dd83e3da9cd4ea6e2739526502c823d466b9"
  integrity sha512-ZyWBozcjB2aZ7vwCALv90cYA2NpDjM+WALaiYRshvPvue8l7cqynePbHK8GhlMGyJDwZqp4MxQmu8u1XAKp3Bw==
  dependencies:
    react-native-tab-view "^1.2.0"

react-navigation-stack@~1.5.0:
  version "1.5.0"
  resolved "https://registry.yarnpkg.com/react-navigation-stack/-/react-navigation-stack-1.5.0.tgz#f2ddee8b441158cd26c631359bc12810cd41228f"
  integrity sha512-XwgdQY8c7PguPw/cx6GCRMnYMe6P/izzOpeOfE8g6sWrWW2vs/vwodRb9a820QePhX0I7dkgxdnTSq+o7/R49Q==
  dependencies:
    prop-types "^15.7.2"

react-navigation-tabs@~1.2.0:
  version "1.2.0"
  resolved "https://registry.yarnpkg.com/react-navigation-tabs/-/react-navigation-tabs-1.2.0.tgz#602c147029bb4f1c569b26479ddba534fe3ebb19"
  integrity sha512-I6vq3XX4ub9KhWQzcrggznls+2Z2C6w2ro46vokDGGvJ02CBpQRar7J0ETV29Ot5AJY67HucNUmZdH3yDFckmQ==
  dependencies:
    hoist-non-react-statics "^2.5.0"
    prop-types "^15.6.1"
    react-native-tab-view "^1.4.1"

react-navigation@^3.12.0:
  version "3.12.0"
  resolved "https://registry.yarnpkg.com/react-navigation/-/react-navigation-3.12.0.tgz#31cc6c7d778c968965e86a820f12f1e1a66e20b9"
  integrity sha512-Lr0l0lbZsFsajUx040I1HYm0yIfa+F9SCEeaNkS1eiey6k2G04eY5hYGZfo4i3kaMj99Yi8tuRcSN7DS0QZu8w==
  dependencies:
    "@react-navigation/core" "~3.5.0"
    "@react-navigation/native" "~3.6.0"
    react-navigation-drawer "~1.4.0"
    react-navigation-stack "~1.5.0"
    react-navigation-tabs "~1.2.0"

react-proxy@^1.1.7:
  version "1.1.8"
  resolved "https://registry.yarnpkg.com/react-proxy/-/react-proxy-1.1.8.tgz#9dbfd9d927528c3aa9f444e4558c37830ab8c26a"
@@ -4356,6 +4510,11 @@ require-main-filename@^1.0.1:
  resolved "https://registry.yarnpkg.com/require-main-filename/-/require-main-filename-1.0.1.tgz#97f717b69d48784f5f526a6c5aa8ffdda055a4d1"
  integrity sha1-l/cXtp1IeE9fUmpsWqj/3aBVpNE=

require-main-filename@^2.0.0:
  version "2.0.0"
  resolved "https://registry.yarnpkg.com/require-main-filename/-/require-main-filename-2.0.0.tgz#d0b329ecc7cc0f61649f62215be69af54aa8989b"
  integrity sha512-NKN5kMDylKuldxYLSUfrbo5Tuzh4hd+2E8NPPX02mZtn1VuREQToYe/ZdlJy+J3uCpfaiGF05e7B8W0iXbQHmg==

requires-port@^1.0.0:
  version "1.0.0"
  resolved "https://registry.yarnpkg.com/requires-port/-/requires-port-1.0.0.tgz#925d2601d39ac485e091cf0da5c6e694dc3dcaff"
@@ -4712,6 +4871,11 @@ spdx-license-ids@^3.0.0:
  resolved "https://registry.yarnpkg.com/spdx-license-ids/-/spdx-license-ids-3.0.5.tgz#3694b5804567a458d3c8045842a6358632f62654"
  integrity sha512-J+FWzZoynJEXGphVIS+XEh3kFSjZX/1i9gFBaWQcB+/tmpe2qUsSBABpcxqxnAxFdiUFEgAX1bjYGQvIZmoz9Q==

split-on-first@^1.0.0:
  version "1.1.0"
  resolved "https://registry.yarnpkg.com/split-on-first/-/split-on-first-1.1.0.tgz#f610afeee3b12bce1d0c30425e76398b78249a5f"
  integrity sha512-43ZssAJaMusuKWL8sKUBQXHWOpq8d6CfN/u1p4gUzfJkM05C8rxTmYrkIPTXapZpORA6LkkzcUulJ8FqA7Uudw==

split-string@^3.0.1, split-string@^3.0.2:
  version "3.1.0"
  resolved "https://registry.yarnpkg.com/split-string/-/split-string-3.1.0.tgz#7cb09dda3a86585705c64b39a6466038682e8fe2"
@@ -4747,6 +4911,11 @@ stream-buffers@~2.2.0:
  resolved "https://registry.yarnpkg.com/stream-buffers/-/stream-buffers-2.2.0.tgz#91d5f5130d1cef96dcfa7f726945188741d09ee4"
  integrity sha1-kdX1Ew0c75bc+n9yaUUYh0HQnuQ=

strict-uri-encode@^2.0.0:
  version "2.0.0"
  resolved "https://registry.yarnpkg.com/strict-uri-encode/-/strict-uri-encode-2.0.0.tgz#b9c7330c7042862f6b142dc274bbcc5866ce3546"
  integrity sha1-ucczDHBChi9rFC3CdLvMWGbONUY=

string-width@^1.0.1:
  version "1.0.2"
  resolved "https://registry.yarnpkg.com/string-width/-/string-width-1.0.2.tgz#118bdf5b8cdc51a2a7e70d211e07e2b0b9b107d3"
@@ -4764,6 +4933,15 @@ string-width@^1.0.1:
    is-fullwidth-code-point "^2.0.0"
    strip-ansi "^4.0.0"

string-width@^3.0.0, string-width@^3.1.0:
  version "3.1.0"
  resolved "https://registry.yarnpkg.com/string-width/-/string-width-3.1.0.tgz#22767be21b62af1081574306f69ac51b62203961"
  integrity sha512-vafcv6KjVZKSgz06oM/H6GDBrAtz8vdhQakGjFIvNrHA6y3HCF1CInLy+QLq8dTJPQ1b+KDUqDFctkdRW44e1w==
  dependencies:
    emoji-regex "^7.0.1"
    is-fullwidth-code-point "^2.0.0"
    strip-ansi "^5.1.0"

string_decoder@~1.1.1:
  version "1.1.1"
  resolved "https://registry.yarnpkg.com/string_decoder/-/string_decoder-1.1.1.tgz#9cf1611ba62685d7030ae9e4ba34149c3af03fc8"
@@ -4785,6 +4963,13 @@ strip-ansi@^4.0.0:
  dependencies:
    ansi-regex "^3.0.0"

strip-ansi@^5.0.0, strip-ansi@^5.1.0, strip-ansi@^5.2.0:
  version "5.2.0"
  resolved "https://registry.yarnpkg.com/strip-ansi/-/strip-ansi-5.2.0.tgz#8c9a536feb6afc962bdfa5b104a5091c1ad9c0ae"
  integrity sha512-DuRs1gKbBqsMKIZlrffwlug8MHkcnpjs5VPmL1PAh+mA30U0DTotfDZ0d2UUsXpPmPmMMJ6W773MaA3J+lbiWA==
  dependencies:
    ansi-regex "^4.1.0"

strip-bom@^3.0.0:
  version "3.0.0"
  resolved "https://registry.yarnpkg.com/strip-bom/-/strip-bom-3.0.0.tgz#2334c18e9c759f7bdd56fdef7e9ae3d588e68ed3"
@@ -5157,6 +5342,15 @@ wrap-ansi@^2.0.0:
    string-width "^1.0.1"
    strip-ansi "^3.0.1"

wrap-ansi@^5.1.0:
  version "5.1.0"
  resolved "https://registry.yarnpkg.com/wrap-ansi/-/wrap-ansi-5.1.0.tgz#1fd1f67235d5b6d0fee781056001bfb694c03b09"
  integrity sha512-QC1/iN/2/RPVJ5jYK8BGttj5z83LmSKmvbvrXPNCLZSEb32KKVDJDl/MOt2N01qU2H/FkzEa9PKto1BqDjtd7Q==
  dependencies:
    ansi-styles "^3.2.0"
    string-width "^3.0.0"
    strip-ansi "^5.0.0"

wrappy@1:
  version "1.0.2"
  resolved "https://registry.yarnpkg.com/wrappy/-/wrappy-1.0.2.tgz#b5243d8f3ec1aa35f1364605bc0d1036e30ab69f"
@@ -5228,6 +5422,11 @@ y18n@^3.2.1:
  resolved "https://registry.yarnpkg.com/y18n/-/y18n-3.2.1.tgz#6d15fba884c08679c0d77e88e7759e811e07fa41"
  integrity sha1-bRX7qITAhnnA136I53WegR4H+kE=

y18n@^4.0.0:
  version "4.0.0"
  resolved "https://registry.yarnpkg.com/y18n/-/y18n-4.0.0.tgz#95ef94f85ecc81d007c264e190a120f0a3c8566b"
  integrity sha512-r9S/ZyXu/Xu9q1tYlpsLIsa3EeLXXk0VwlxqTcFRfg9EhMW+17kbt9G0NrgCmhGb5vT2hyhJZLfDGx+7+5Uj/w==

yallist@^2.1.2:
  version "2.1.2"
  resolved "https://registry.yarnpkg.com/yallist/-/yallist-2.1.2.tgz#1c11f9218f076089a47dd512f93c6699a6a81d52"
@@ -5238,13 +5437,37 @@ yallist@^3.0.0, yallist@^3.0.3:
  resolved "https://registry.yarnpkg.com/yallist/-/yallist-3.0.3.tgz#b4b049e314be545e3ce802236d6cd22cd91c3de9"
  integrity sha512-S+Zk8DEWE6oKpV+vI3qWkaK+jSbIK86pCwe2IF/xwIpQ8jEuxpw9NyaGjmp9+BoJv5FV2piqCDcoCtStppiq2A==

yargs-parser@^13.1.1:
  version "13.1.1"
  resolved "https://registry.yarnpkg.com/yargs-parser/-/yargs-parser-13.1.1.tgz#d26058532aa06d365fe091f6a1fc06b2f7e5eca0"
  integrity sha512-oVAVsHz6uFrg3XQheFII8ESO2ssAf9luWuAd6Wexsu4F3OtIW0o8IribPXYrD4WC24LWtPrJlGy87y5udK+dxQ==
  dependencies:
    camelcase "^5.0.0"
    decamelize "^1.2.0"

yargs-parser@^7.0.0:
  version "7.0.0"
  resolved "https://registry.yarnpkg.com/yargs-parser/-/yargs-parser-7.0.0.tgz#8d0ac42f16ea55debd332caf4c4038b3e3f5dfd9"
  integrity sha1-jQrELxbqVd69MyyvTEA4s+P139k=
  dependencies:
    camelcase "^4.1.0"

yargs@^13.2.2:
  version "13.3.0"
  resolved "https://registry.yarnpkg.com/yargs/-/yargs-13.3.0.tgz#4c657a55e07e5f2cf947f8a366567c04a0dedc83"
  integrity sha512-2eehun/8ALW8TLoIl7MVaRUrg+yCnenu8B4kBlRxj3GJGDKU1Og7sMXPNm1BYyM1DOJmTZ4YeN/Nwxv+8XJsUA==
  dependencies:
    cliui "^5.0.0"
    find-up "^3.0.0"
    get-caller-file "^2.0.1"
    require-directory "^2.1.1"
    require-main-filename "^2.0.0"
    set-blocking "^2.0.0"
    string-width "^3.0.0"
    which-module "^2.0.0"
    y18n "^4.0.0"
    yargs-parser "^13.1.1"

yargs@^9.0.0:
  version "9.0.1"
  resolved "https://registry.yarnpkg.com/yargs/-/yargs-9.0.1.tgz#52acc23feecac34042078ee78c0c007f5085db4c"
